
Microsoft Visual Studio Solution File, Format Version 12.00
# Visual Studio Version 17
VisualStudioVersion = 17.9.34723.18
MinimumVisualStudioVersion = 10.0.40219.1
Project("{FAE04EC0-301F-11D3-BF4B-00C04F79EFBC}") = "Post_EDU.Web", "Post_EDU\Post_EDU.Web.csproj", "{03895BAC-B7FE-451B-B526-953ED667D4EB}"
EndProject
Project("{FAE04EC0-301F-11D3-BF4B-00C04F79EFBC}") = "Post_EDU.Core", "Post_EDU.Core\Post_EDU.Core.csproj", "{F7E078C4-7FA4-4CD7-9C61-2F58C97389C3}"
EndProject
Project("{FAE04EC0-301F-11D3-BF4B-00C04F79EFBC}") = "Post_EDU.Application", "Post_EDU.Application\Post_EDU.Application.csproj", "{6E5CACF2-F222-4CD7-9A31-A365876699F6}"
EndProject
Project("{FAE04EC0-301F-11D3-BF4B-00C04F79EFBC}") = "Post_EDU.Infrastructure", "Post_EDU.Infrastructure\Post_EDU.Infrastructure.csproj", "{BC11B6D2-F70C-4E41-8914-4B37A16D6B1F}"
EndProject
Global
	GlobalSection(SolutionConfigurationPlatforms) = preSolution
		Debug|Any CPU = Debug|Any CPU
		Release|Any CPU = Release|Any CPU
	EndGlobalSection
	GlobalSection(ProjectConfigurationPlatforms) = postSolution
		{03895BAC-B7FE-451B-B526-953ED667D4EB}.Debug|Any CPU.ActiveCfg = Debug|Any CPU
		{03895BAC-B7FE-451B-B526-953ED667D4EB}.Debug|Any CPU.Build.0 = Debug|Any CPU
		{03895BAC-B7FE-451B-B526-953ED667D4EB}.Release|Any CPU.ActiveCfg = Release|Any CPU
		{03895BAC-B7FE-451B-B526-953ED667D4EB}.Release|Any CPU.Build.0 = Release|Any CPU
		{F7E078C4-7FA4-4CD7-9C61-2F58C97389C3}.Debug|Any CPU.ActiveCfg = Debug|Any CPU
		{F7E078C4-7FA4-4CD7-9C61-2F58C97389C3}.Debug|Any CPU.Build.0 = Debug|Any CPU
		{F7E078C4-7FA4-4CD7-9C61-2F58C97389C3}.Release|Any CPU.ActiveCfg = Release|Any CPU
		{F7E078C4-7FA4-4CD7-9C61-2F58C97389C3}.Release|Any CPU.Build.0 = Release|Any CPU
		{6E5CACF2-F222-4CD7-9A31-A365876699F6}.Debug|Any CPU.ActiveCfg = Debug|Any CPU
		{6E5CACF2-F222-4CD7-9A31-A365876699F6}.Debug|Any CPU.Build.0 = Debug|Any CPU
		{6E5CACF2-F222-4CD7-9A31-A365876699F6}.Release|Any CPU.ActiveCfg = Release|Any CPU
		{6E5CACF2-F222-4CD7-9A31-A365876699F6}.Release|Any CPU.Build.0 = Release|Any CPU
		{BC11B6D2-F70C-4E41-8914-4B37A16D6B1F}.Debug|Any CPU.ActiveCfg = Debug|Any CPU
		{BC11B6D2-F70C-4E41-8914-4B37A16D6B1F}.Debug|Any CPU.Build.0 = Debug|Any CPU
		{BC11B6D2-F70C-4E41-8914-4B37A16D6B1F}.Release|Any CPU.ActiveCfg = Release|Any CPU
		{BC11B6D2-F70C-4E41-8914-4B37A16D6B1F}.Release|Any CPU.Build.0 = Release|Any CPU
	EndGlobalSection
	GlobalSection(SolutionProperties) = preSolution
		HideSolutionNode = FALSE
	EndGlobalSection
	GlobalSection(ExtensibilityGlobals) = postSolution
		SolutionGuid = {A8250FB6-342E-455D-A121-7D5D6AABD92D}
	EndGlobalSection
EndGlobal
